// !$*UTF8*$!
{
	archiveVersion = 1;
	classes = {
	};
	objectVersion = 48;
	objects = {

/* Begin PBXBuildFile section */
		F1526EF61F001EAC00AEC4A0 /* LoadingCell.xib in Resources */ = {isa = PBXBuildFile; fileRef = F1526EF51F001EAC00AEC4A0 /* LoadingCell.xib */; };
		F15C4CCC1F0D2C5C00CAB84E /* SearchManager.swift in Sources */ = {isa = PBXBuildFile; fileRef = F15C4CCB1F0D2C5C00CAB84E /* SearchManager.swift */; };
		F16BCC951F0AA31F00F15EC0 /* LandscapeViewController.swift in Sources */ = {isa = PBXBuildFile; fileRef = F16BCC941F0AA31F00F15EC0 /* LandscapeViewController.swift */; };
		F18DFA3A1F03E1FF00F3022D /* DetailViewController.swift in Sources */ = {isa = PBXBuildFile; fileRef = F18DFA391F03E1FF00F3022D /* DetailViewController.swift */; };
		F18DFA3C1F03E3C800F3022D /* DimmingPresentationController.swift in Sources */ = {isa = PBXBuildFile; fileRef = F18DFA3B1F03E3C800F3022D /* DimmingPresentationController.swift */; };
		F1AA7EF61F01966A005723D2 /* UIImageView+DownloadImage.swift in Sources */ = {isa = PBXBuildFile; fileRef = F1AA7EF51F01966A005723D2 /* UIImageView+DownloadImage.swift */; };
		F1C7821C1EFC40DE0072C33D /* SearchResult.swift in Sources */ = {isa = PBXBuildFile; fileRef = F1C7821B1EFC40DE0072C33D /* SearchResult.swift */; };
		F1C7821E1EFC45810072C33D /* SearchResultCell.xib in Resources */ = {isa = PBXBuildFile; fileRef = F1C7821D1EFC45810072C33D /* SearchResultCell.xib */; };
		F1C782201EFC4B780072C33D /* SearchResultCell.swift in Sources */ = {isa = PBXBuildFile; fileRef = F1C7821F1EFC4B780072C33D /* SearchResultCell.swift */; };
		F1C782221EFC4D370072C33D /* NothingFoundCell.xib in Resources */ = {isa = PBXBuildFile; fileRef = F1C782211EFC4D370072C33D /* NothingFoundCell.xib */; };
		F1DB0E251EFC23310036C86C /* AppDelegate.swift in Sources */ = {isa = PBXBuildFile; fileRef = F1DB0E241EFC23310036C86C /* AppDelegate.swift */; };
		F1DB0E271EFC23310036C86C /* SearchViewController.swift in Sources */ = {isa = PBXBuildFile; fileRef = F1DB0E261EFC23310036C86C /* SearchViewController.swift */; };
		F1DB0E2A1EFC23310036C86C /* Main.storyboard in Resources */ = {isa = PBXBuildFile; fileRef = F1DB0E281EFC23310036C86C /* Main.storyboard */; };
		F1DB0E2C1EFC23310036C86C /* Assets.xcassets in Resources */ = {isa = PBXBuildFile; fileRef = F1DB0E2B1EFC23310036C86C /* Assets.xcassets */; };
		F1DC8A911F8EA09B00C9CCBB /* GradientView.swift in Sources */ = {isa = PBXBuildFile; fileRef = F1DC8A901F8EA09B00C9CCBB /* GradientView.swift */; };
		F1DC8A931F8EA0BC00C9CCBB /* SlideOutAnimationController.swift in Sources */ = {isa = PBXBuildFile; fileRef = F1DC8A921F8EA0BB00C9CCBB /* SlideOutAnimationController.swift */; };
		F1DC8A951F8EA0C800C9CCBB /* FadeOutAnimationController.swift in Sources */ = {isa = PBXBuildFile; fileRef = F1DC8A941F8EA0C800C9CCBB /* FadeOutAnimationController.swift */; };
		F1DC8A971F8EA1C400C9CCBB /* UIImage+Resize.swift in Sources */ = {isa = PBXBuildFile; fileRef = F1DC8A961F8EA1C300C9CCBB /* UIImage+Resize.swift */; };
		F1F5E5611F8E9EA400F543EB /* BounceAnimationController.swift in Sources */ = {isa = PBXBuildFile; fileRef = F1F5E5601F8E9EA400F543EB /* BounceAnimationController.swift */; };
/* End PBXBuildFile section */

/* Begin PBXFileReference section */
		F1526EF51F001EAC00AEC4A0 /* LoadingCell.xib */ = {isa = PBXFileReference; lastKnownFileType = file.xib; path = LoadingCell.xib; sourceTree = "<group>"; };
		F15C4CCB1F0D2C5C00CAB84E /* SearchManager.swift */ = {isa = PBXFileReference; lastKnownFileType = sourcecode.swift; path = SearchManager.swift; sourceTree = "<group>"; };
		F16BCC941F0AA31F00F15EC0 /* LandscapeViewController.swift */ = {isa = PBXFileReference; lastKnownFileType = sourcecode.swift; path = LandscapeViewController.swift; sourceTree = "<group>"; };
		F18DFA391F03E1FF00F3022D /* DetailViewController.swift */ = {isa = PBXFileReference; lastKnownFileType = sourcecode.swift; path = DetailViewController.swift; sourceTree = "<group>"; };
		F18DFA3B1F03E3C800F3022D /* DimmingPresentationController.swift */ = {isa = PBXFileReference; lastKnownFileType = sourcecode.swift; path = DimmingPresentationController.swift; sourceTree = "<group>"; };
		F1AA7EF51F01966A005723D2 /* UIImageView+DownloadImage.swift */ = {isa = PBXFileReference; lastKnownFileType = sourcecode.swift; path = "UIImageView+DownloadImage.swift"; sourceTree = "<group>"; };
		F1C7821B1EFC40DE0072C33D /* SearchResult.swift */ = {isa = PBXFileReference; lastKnownFileType = sourcecode.swift; path = SearchResult.swift; sourceTree = "<group>"; };
		F1C7821D1EFC45810072C33D /* SearchResultCell.xib */ = {isa = PBXFileReference; lastKnownFileType = file.xib; path = SearchResultCell.xib; sourceTree = "<group>"; };
		F1C7821F1EFC4B780072C33D /* SearchResultCell.swift */ = {isa = PBXFileReference; lastKnownFileType = sourcecode.swift; path = SearchResultCell.swift; sourceTree = "<group>"; };
		F1C782211EFC4D370072C33D /* NothingFoundCell.xib */ = {isa = PBXFileReference; lastKnownFileType = file.xib; path = NothingFoundCell.xib; sourceTree = "<group>"; };
		F1DB0E211EFC23310036C86C /* StoreSearch.app */ = {isa = PBXFileReference; explicitFileType = wrapper.application; includeInIndex = 0; path = StoreSearch.app; sourceTree = BUILT_PRODUCTS_DIR; };
		F1DB0E241EFC23310036C86C /* AppDelegate.swift */ = {isa = PBXFileReference; lastKnownFileType = sourcecode.swift; path = AppDelegate.swift; sourceTree = "<group>"; };
		F1DB0E261EFC23310036C86C /* SearchViewController.swift */ = {isa = PBXFileReference; lastKnownFileType = sourcecode.swift; path = SearchViewController.swift; sourceTree = "<group>"; };
		F1DB0E291EFC23310036C86C /* Base */ = {isa = PBXFileReference; lastKnownFileType = file.storyboard; name = Base; path = Base.lproj/Main.storyboard; sourceTree = "<group>"; };
		F1DB0E2B1EFC23310036C86C /* Assets.xcassets */ = {isa = PBXFileReference; lastKnownFileType = folder.assetcatalog; path = Assets.xcassets; sourceTree = "<group>"; };
		F1DB0E301EFC23310036C86C /* Info.plist */ = {isa = PBXFileReference; lastKnownFileType = text.plist.xml; path = Info.plist; sourceTree = "<group>"; };
		F1DC8A901F8EA09B00C9CCBB /* GradientView.swift */ = {isa = PBXFileReference; lastKnownFileType = sourcecode.swift; path = GradientView.swift; sourceTree = "<group>"; };
		F1DC8A921F8EA0BB00C9CCBB /* SlideOutAnimationController.swift */ = {isa = PBXFileReference; lastKnownFileType = sourcecode.swift; path = SlideOutAnimationController.swift; sourceTree = "<group>"; };
		F1DC8A941F8EA0C800C9CCBB /* FadeOutAnimationController.swift */ = {isa = PBXFileReference; lastKnownFileType = sourcecode.swift; path = FadeOutAnimationController.swift; sourceTree = "<group>"; };
		F1DC8A961F8EA1C300C9CCBB /* UIImage+Resize.swift */ = {isa = PBXFileReference; lastKnownFileType = sourcecode.swift; path = "UIImage+Resize.swift"; sourceTree = "<group>"; };
		F1F5E5601F8E9EA400F543EB /* BounceAnimationController.swift */ = {isa = PBXFileReference; lastKnownFileType = sourcecode.swift; path = BounceAnimationController.swift; sourceTree = "<group>"; };
/* End PBXFileReference section */

/* Begin PBXFrameworksBuildPhase section */
		F1DB0E1E1EFC23310036C86C /* Frameworks */ = {
			isa = PBXFrameworksBuildPhase;
			buildActionMask = 2147483647;
			files = (
			);
			runOnlyForDeploymentPostprocessing = 0;
		};
/* End PBXFrameworksBuildPhase section */

/* Begin PBXGroup section */
		F1DB0E181EFC23310036C86C = {
			isa = PBXGroup;
			children = (
				F1DB0E231EFC23310036C86C /* StoreSearch */,
				F1DB0E221EFC23310036C86C /* Products */,
			);
			sourceTree = "<group>";
		};
		F1DB0E221EFC23310036C86C /* Products */ = {
			isa = PBXGroup;
			children = (
				F1DB0E211EFC23310036C86C /* StoreSearch.app */,
			);
			name = Products;
			sourceTree = "<group>";
		};
		F1DB0E231EFC23310036C86C /* StoreSearch */ = {
			isa = PBXGroup;
			children = (
<<<<<<< HEAD
				F1DB0E301EFC23310036C86C /* Info.plist */,
				F1DB0E2B1EFC23310036C86C /* Assets.xcassets */,
				F1DB0E281EFC23310036C86C /* Main.storyboard */,
				F1DB0E241EFC23310036C86C /* AppDelegate.swift */,
				F1F5E5521F8E9DC400F543EB /* Controllers */,
				F1F5E5551F8E9DD900F543EB /* Extensions */,
				F1F5E5571F8E9DF200F543EB /* Models */,
				F1DC8A981F8EA21A00C9CCBB /* Services */,
				F1F5E5641F8E9EBF00F543EB /* View Controllers */,
				F1F5E55A1F8E9E8200F543EB /* Views */,
			);
			path = StoreSearch;
			sourceTree = "<group>";
		};
		F1DC8A981F8EA21A00C9CCBB /* Services */ = {
			isa = PBXGroup;
			children = (
				F15C4CCB1F0D2C5C00CAB84E /* SearchManager.swift */,
			);
			path = Services;
=======
				F1DB0E241EFC23310036C86C /* AppDelegate.swift */,
				F1DB0E2B1EFC23310036C86C /* Assets.xcassets */,
				F1F5E5641F8E9EBF00F543EB /* View Controllers */,
				F1F5E5521F8E9DC400F543EB /* Controllers */,
				F1F5E55A1F8E9E8200F543EB /* Views */,
				F1DB0E301EFC23310036C86C /* Info.plist */,
				F1DB0E281EFC23310036C86C /* Main.storyboard */,
				F15C4CCB1F0D2C5C00CAB84E /* SearchManager.swift */,
				F1F5E5571F8E9DF200F543EB /* Models */,
				F1F5E5551F8E9DD900F543EB /* Extensions */,
			);
			path = StoreSearch;
>>>>>>> 88daee3830da73928684641fcd6fac45b45151d8
			sourceTree = "<group>";
		};
		F1F5E5521F8E9DC400F543EB /* Controllers */ = {
			isa = PBXGroup;
			children = (
				F1F5E5601F8E9EA400F543EB /* BounceAnimationController.swift */,
				F18DFA3B1F03E3C800F3022D /* DimmingPresentationController.swift */,
				F1DC8A941F8EA0C800C9CCBB /* FadeOutAnimationController.swift */,
				F1DC8A921F8EA0BB00C9CCBB /* SlideOutAnimationController.swift */,
			);
			path = Controllers;
			sourceTree = "<group>";
		};
		F1F5E5551F8E9DD900F543EB /* Extensions */ = {
			isa = PBXGroup;
			children = (
				F1DC8A961F8EA1C300C9CCBB /* UIImage+Resize.swift */,
				F1AA7EF51F01966A005723D2 /* UIImageView+DownloadImage.swift */,
			);
			name = Extensions;
			path = "New Group";
			sourceTree = "<group>";
		};
		F1F5E5571F8E9DF200F543EB /* Models */ = {
			isa = PBXGroup;
			children = (
				F1C7821B1EFC40DE0072C33D /* SearchResult.swift */,
			);
			path = Models;
			sourceTree = "<group>";
		};
		F1F5E55A1F8E9E8200F543EB /* Views */ = {
			isa = PBXGroup;
			children = (
				F1DC8A901F8EA09B00C9CCBB /* GradientView.swift */,
				F1526EF51F001EAC00AEC4A0 /* LoadingCell.xib */,
				F1C782211EFC4D370072C33D /* NothingFoundCell.xib */,
				F1C7821F1EFC4B780072C33D /* SearchResultCell.swift */,
				F1C7821D1EFC45810072C33D /* SearchResultCell.xib */,
			);
			path = Views;
			sourceTree = "<group>";
		};
		F1F5E5641F8E9EBF00F543EB /* View Controllers */ = {
			isa = PBXGroup;
			children = (
				F18DFA391F03E1FF00F3022D /* DetailViewController.swift */,
				F16BCC941F0AA31F00F15EC0 /* LandscapeViewController.swift */,
				F1DB0E261EFC23310036C86C /* SearchViewController.swift */,
			);
			path = "View Controllers";
			sourceTree = "<group>";
		};
/* End PBXGroup section */

/* Begin PBXNativeTarget section */
		F1DB0E201EFC23310036C86C /* StoreSearch */ = {
			isa = PBXNativeTarget;
			buildConfigurationList = F1DB0E331EFC23310036C86C /* Build configuration list for PBXNativeTarget "StoreSearch" */;
			buildPhases = (
				F1DB0E1D1EFC23310036C86C /* Sources */,
				F1DB0E1E1EFC23310036C86C /* Frameworks */,
				F1DB0E1F1EFC23310036C86C /* Resources */,
			);
			buildRules = (
			);
			dependencies = (
			);
			name = StoreSearch;
			productName = StoreSearch;
			productReference = F1DB0E211EFC23310036C86C /* StoreSearch.app */;
			productType = "com.apple.product-type.application";
		};
/* End PBXNativeTarget section */

/* Begin PBXProject section */
		F1DB0E191EFC23310036C86C /* Project object */ = {
			isa = PBXProject;
			attributes = {
				LastSwiftUpdateCheck = 0900;
				LastUpgradeCheck = 0900;
				ORGANIZATIONNAME = "Diego Caroli";
				TargetAttributes = {
					F1DB0E201EFC23310036C86C = {
						CreatedOnToolsVersion = 9.0;
					};
				};
			};
			buildConfigurationList = F1DB0E1C1EFC23310036C86C /* Build configuration list for PBXProject "StoreSearch" */;
			compatibilityVersion = "Xcode 8.0";
			developmentRegion = en;
			hasScannedForEncodings = 0;
			knownRegions = (
				en,
				Base,
			);
			mainGroup = F1DB0E181EFC23310036C86C;
			productRefGroup = F1DB0E221EFC23310036C86C /* Products */;
			projectDirPath = "";
			projectRoot = "";
			targets = (
				F1DB0E201EFC23310036C86C /* StoreSearch */,
			);
		};
/* End PBXProject section */

/* Begin PBXResourcesBuildPhase section */
		F1DB0E1F1EFC23310036C86C /* Resources */ = {
			isa = PBXResourcesBuildPhase;
			buildActionMask = 2147483647;
			files = (
				F1DB0E2C1EFC23310036C86C /* Assets.xcassets in Resources */,
				F1526EF61F001EAC00AEC4A0 /* LoadingCell.xib in Resources */,
				F1C7821E1EFC45810072C33D /* SearchResultCell.xib in Resources */,
				F1C782221EFC4D370072C33D /* NothingFoundCell.xib in Resources */,
				F1DB0E2A1EFC23310036C86C /* Main.storyboard in Resources */,
			);
			runOnlyForDeploymentPostprocessing = 0;
		};
/* End PBXResourcesBuildPhase section */

/* Begin PBXSourcesBuildPhase section */
		F1DB0E1D1EFC23310036C86C /* Sources */ = {
			isa = PBXSourcesBuildPhase;
			buildActionMask = 2147483647;
			files = (
				F1DB0E271EFC23310036C86C /* SearchViewController.swift in Sources */,
				F15C4CCC1F0D2C5C00CAB84E /* SearchManager.swift in Sources */,
				F1DC8A911F8EA09B00C9CCBB /* GradientView.swift in Sources */,
				F18DFA3C1F03E3C800F3022D /* DimmingPresentationController.swift in Sources */,
				F1C7821C1EFC40DE0072C33D /* SearchResult.swift in Sources */,
				F1C782201EFC4B780072C33D /* SearchResultCell.swift in Sources */,
				F18DFA3A1F03E1FF00F3022D /* DetailViewController.swift in Sources */,
				F1DC8A971F8EA1C400C9CCBB /* UIImage+Resize.swift in Sources */,
				F1DB0E251EFC23310036C86C /* AppDelegate.swift in Sources */,
				F1F5E5611F8E9EA400F543EB /* BounceAnimationController.swift in Sources */,
				F1DC8A951F8EA0C800C9CCBB /* FadeOutAnimationController.swift in Sources */,
				F16BCC951F0AA31F00F15EC0 /* LandscapeViewController.swift in Sources */,
				F1AA7EF61F01966A005723D2 /* UIImageView+DownloadImage.swift in Sources */,
				F1DC8A931F8EA0BC00C9CCBB /* SlideOutAnimationController.swift in Sources */,
			);
			runOnlyForDeploymentPostprocessing = 0;
		};
/* End PBXSourcesBuildPhase section */

/* Begin PBXVariantGroup section */
		F1DB0E281EFC23310036C86C /* Main.storyboard */ = {
			isa = PBXVariantGroup;
			children = (
				F1DB0E291EFC23310036C86C /* Base */,
			);
			name = Main.storyboard;
			sourceTree = "<group>";
		};
/* End PBXVariantGroup section */

/* Begin XCBuildConfiguration section */
		F1DB0E311EFC23310036C86C /* Debug */ = {
			isa = XCBuildConfiguration;
			buildSettings = {
				ALWAYS_SEARCH_USER_PATHS = NO;
				CLANG_ANALYZER_NONNULL = YES;
				CLANG_ANALYZER_NUMBER_OBJECT_CONVERSION = YES_AGGRESSIVE;
				CLANG_CXX_LANGUAGE_STANDARD = "gnu++14";
				CLANG_CXX_LIBRARY = "libc++";
				CLANG_ENABLE_MODULES = YES;
				CLANG_ENABLE_OBJC_ARC = YES;
				CLANG_WARN_BLOCK_CAPTURE_AUTORELEASING = YES;
				CLANG_WARN_BOOL_CONVERSION = YES;
				CLANG_WARN_COMMA = YES;
				CLANG_WARN_CONSTANT_CONVERSION = YES;
				CLANG_WARN_DIRECT_OBJC_ISA_USAGE = YES_ERROR;
				CLANG_WARN_DOCUMENTATION_COMMENTS = YES;
				CLANG_WARN_EMPTY_BODY = YES;
				CLANG_WARN_ENUM_CONVERSION = YES;
				CLANG_WARN_INFINITE_RECURSION = YES;
				CLANG_WARN_INT_CONVERSION = YES;
				CLANG_WARN_OBJC_ROOT_CLASS = YES_ERROR;
				CLANG_WARN_RANGE_LOOP_ANALYSIS = YES;
				CLANG_WARN_STRICT_PROTOTYPES = YES;
				CLANG_WARN_SUSPICIOUS_MOVE = YES;
				CLANG_WARN_UNGUARDED_AVAILABILITY = YES_AGGRESSIVE;
				CLANG_WARN_UNREACHABLE_CODE = YES;
				CLANG_WARN__DUPLICATE_METHOD_MATCH = YES;
				CODE_SIGN_IDENTITY = "iPhone Developer";
				COPY_PHASE_STRIP = NO;
				DEBUG_INFORMATION_FORMAT = dwarf;
				ENABLE_STRICT_OBJC_MSGSEND = YES;
				ENABLE_TESTABILITY = YES;
				GCC_C_LANGUAGE_STANDARD = gnu11;
				GCC_DYNAMIC_NO_PIC = NO;
				GCC_NO_COMMON_BLOCKS = YES;
				GCC_OPTIMIZATION_LEVEL = 0;
				GCC_PREPROCESSOR_DEFINITIONS = (
					"DEBUG=1",
					"$(inherited)",
				);
				GCC_WARN_64_TO_32_BIT_CONVERSION = YES;
				GCC_WARN_ABOUT_RETURN_TYPE = YES_ERROR;
				GCC_WARN_UNDECLARED_SELECTOR = YES;
				GCC_WARN_UNINITIALIZED_AUTOS = YES_AGGRESSIVE;
				GCC_WARN_UNUSED_FUNCTION = YES;
				GCC_WARN_UNUSED_VARIABLE = YES;
				IPHONEOS_DEPLOYMENT_TARGET = 11.0;
				MTL_ENABLE_DEBUG_INFO = YES;
				ONLY_ACTIVE_ARCH = YES;
				SDKROOT = iphoneos;
				SWIFT_ACTIVE_COMPILATION_CONDITIONS = DEBUG;
				SWIFT_OPTIMIZATION_LEVEL = "-Onone";
			};
			name = Debug;
		};
		F1DB0E321EFC23310036C86C /* Release */ = {
			isa = XCBuildConfiguration;
			buildSettings = {
				ALWAYS_SEARCH_USER_PATHS = NO;
				CLANG_ANALYZER_NONNULL = YES;
				CLANG_ANALYZER_NUMBER_OBJECT_CONVERSION = YES_AGGRESSIVE;
				CLANG_CXX_LANGUAGE_STANDARD = "gnu++14";
				CLANG_CXX_LIBRARY = "libc++";
				CLANG_ENABLE_MODULES = YES;
				CLANG_ENABLE_OBJC_ARC = YES;
				CLANG_WARN_BLOCK_CAPTURE_AUTORELEASING = YES;
				CLANG_WARN_BOOL_CONVERSION = YES;
				CLANG_WARN_COMMA = YES;
				CLANG_WARN_CONSTANT_CONVERSION = YES;
				CLANG_WARN_DIRECT_OBJC_ISA_USAGE = YES_ERROR;
				CLANG_WARN_DOCUMENTATION_COMMENTS = YES;
				CLANG_WARN_EMPTY_BODY = YES;
				CLANG_WARN_ENUM_CONVERSION = YES;
				CLANG_WARN_INFINITE_RECURSION = YES;
				CLANG_WARN_INT_CONVERSION = YES;
				CLANG_WARN_OBJC_ROOT_CLASS = YES_ERROR;
				CLANG_WARN_RANGE_LOOP_ANALYSIS = YES;
				CLANG_WARN_STRICT_PROTOTYPES = YES;
				CLANG_WARN_SUSPICIOUS_MOVE = YES;
				CLANG_WARN_UNGUARDED_AVAILABILITY = YES_AGGRESSIVE;
				CLANG_WARN_UNREACHABLE_CODE = YES;
				CLANG_WARN__DUPLICATE_METHOD_MATCH = YES;
				CODE_SIGN_IDENTITY = "iPhone Developer";
				COPY_PHASE_STRIP = NO;
				DEBUG_INFORMATION_FORMAT = "dwarf-with-dsym";
				ENABLE_NS_ASSERTIONS = NO;
				ENABLE_STRICT_OBJC_MSGSEND = YES;
				GCC_C_LANGUAGE_STANDARD = gnu11;
				GCC_NO_COMMON_BLOCKS = YES;
				GCC_WARN_64_TO_32_BIT_CONVERSION = YES;
				GCC_WARN_ABOUT_RETURN_TYPE = YES_ERROR;
				GCC_WARN_UNDECLARED_SELECTOR = YES;
				GCC_WARN_UNINITIALIZED_AUTOS = YES_AGGRESSIVE;
				GCC_WARN_UNUSED_FUNCTION = YES;
				GCC_WARN_UNUSED_VARIABLE = YES;
				IPHONEOS_DEPLOYMENT_TARGET = 11.0;
				MTL_ENABLE_DEBUG_INFO = NO;
				SDKROOT = iphoneos;
				SWIFT_OPTIMIZATION_LEVEL = "-Owholemodule";
				VALIDATE_PRODUCT = YES;
			};
			name = Release;
		};
		F1DB0E341EFC23310036C86C /* Debug */ = {
			isa = XCBuildConfiguration;
			buildSettings = {
				ASSETCATALOG_COMPILER_APPICON_NAME = AppIcon;
				INFOPLIST_FILE = StoreSearch/Info.plist;
				LD_RUNPATH_SEARCH_PATHS = "$(inherited) @executable_path/Frameworks";
				PRODUCT_BUNDLE_IDENTIFIER = com.diegocaroli.StoreSearch;
				PRODUCT_NAME = "$(TARGET_NAME)";
				SWIFT_VERSION = 4.0;
				TARGETED_DEVICE_FAMILY = "1,2";
			};
			name = Debug;
		};
		F1DB0E351EFC23310036C86C /* Release */ = {
			isa = XCBuildConfiguration;
			buildSettings = {
				ASSETCATALOG_COMPILER_APPICON_NAME = AppIcon;
				INFOPLIST_FILE = StoreSearch/Info.plist;
				LD_RUNPATH_SEARCH_PATHS = "$(inherited) @executable_path/Frameworks";
				PRODUCT_BUNDLE_IDENTIFIER = com.diegocaroli.StoreSearch;
				PRODUCT_NAME = "$(TARGET_NAME)";
				SWIFT_VERSION = 4.0;
				TARGETED_DEVICE_FAMILY = "1,2";
			};
			name = Release;
		};
/* End XCBuildConfiguration section */

/* Begin XCConfigurationList section */
		F1DB0E1C1EFC23310036C86C /* Build configuration list for PBXProject "StoreSearch" */ = {
			isa = XCConfigurationList;
			buildConfigurations = (
				F1DB0E311EFC23310036C86C /* Debug */,
				F1DB0E321EFC23310036C86C /* Release */,
			);
			defaultConfigurationIsVisible = 0;
			defaultConfigurationName = Release;
		};
		F1DB0E331EFC23310036C86C /* Build configuration list for PBXNativeTarget "StoreSearch" */ = {
			isa = XCConfigurationList;
			buildConfigurations = (
				F1DB0E341EFC23310036C86C /* Debug */,
				F1DB0E351EFC23310036C86C /* Release */,
			);
			defaultConfigurationIsVisible = 0;
			defaultConfigurationName = Release;
		};
/* End XCConfigurationList section */
	};
	rootObject = F1DB0E191EFC23310036C86C /* Project object */;
}
